
Microsoft Visual Studio Solution File, Format Version 12.00
# Visual Studio Version 17
VisualStudioVersion = 17.6.33815.320
MinimumVisualStudioVersion = 10.0.40219.1
Project("{FAE04EC0-301F-11D3-BF4B-00C04F79EFBC}") = "Демоэкзамен", "Демоэкзамен.csproj", "{A79CF06B-0E29-4091-B67D-606A9B637337}"
EndProject
Global
	GlobalSection(SolutionConfigurationPlatforms) = preSolution
		Debug|Any CPU = Debug|Any CPU
		Release|Any CPU = Release|Any CPU
	EndGlobalSection
	GlobalSection(ProjectConfigurationPlatforms) = postSolution
		{A79CF06B-0E29-4091-B67D-606A9B637337}.Debug|Any CPU.ActiveCfg = Debug|Any CPU
		{A79CF06B-0E29-4091-B67D-606A9B637337}.Debug|Any CPU.Build.0 = Debug|Any CPU
		{A79CF06B-0E29-4091-B67D-606A9B637337}.Release|Any CPU.ActiveCfg = Release|Any CPU
		{A79CF06B-0E29-4091-B67D-606A9B637337}.Release|Any CPU.Build.0 = Release|Any CPU
	EndGlobalSection
	GlobalSection(SolutionProperties) = preSolution
		HideSolutionNode = FALSE
	EndGlobalSection
	GlobalSection(ExtensibilityGlobals) = postSolution
		SolutionGuid = {BBA4E34B-E625-4B5A-B592-4D979260EDBE}
	EndGlobalSection
EndGlobal
